
Microsoft Visual Studio Solution File, Format Version 12.00
# Visual Studio Version 16
VisualStudioVersion = 16.0.31025.194
MinimumVisualStudioVersion = 10.0.40219.1
Project("{9A19103F-16F7-4668-BE54-9A1E7A4F7556}") = "dotNetPlayground", "dotNetPlayground\dotNetPlayground.csproj", "{161C2C09-2478-4EDD-9F69-DA73DCF5FD57}"
EndProject
Project("{9A19103F-16F7-4668-BE54-9A1E7A4F7556}") = "NetworkChecker", "NetworkChecker\NetworkChecker.csproj", "{AA5FD47E-8E54-494C-B77E-884DFCB40E02}"
EndProject
Project("{9A19103F-16F7-4668-BE54-9A1E7A4F7556}") = "Benchmark", "Benchmark\Benchmark.csproj", "{45D7CA88-FB75-4B95-B0EB-FDDF9BF6EA70}"
EndProject
Project("{9A19103F-16F7-4668-BE54-9A1E7A4F7556}") = "MicrosoftSqlitePractice", "MicrosoftSqlitePractice\MicrosoftSqlitePractice.csproj", "{EC17F47B-8E0E-4F48-AE2C-7A5F317ED575}"
EndProject
Project("{9A19103F-16F7-4668-BE54-9A1E7A4F7556}") = "BrightnessAdjust", "BrightnessAdjust\BrightnessAdjust.csproj", "{D2521833-D5A0-4153-AB90-7420C5C25A70}"
EndProject
Global
	GlobalSection(SolutionConfigurationPlatforms) = preSolution
		Debug|Any CPU = Debug|Any CPU
		Release|Any CPU = Release|Any CPU
	EndGlobalSection
	GlobalSection(ProjectConfigurationPlatforms) = postSolution
		{161C2C09-2478-4EDD-9F69-DA73DCF5FD57}.Debug|Any CPU.ActiveCfg = Debug|Any CPU
		{161C2C09-2478-4EDD-9F69-DA73DCF5FD57}.Debug|Any CPU.Build.0 = Debug|Any CPU
		{161C2C09-2478-4EDD-9F69-DA73DCF5FD57}.Release|Any CPU.ActiveCfg = Release|Any CPU
		{161C2C09-2478-4EDD-9F69-DA73DCF5FD57}.Release|Any CPU.Build.0 = Release|Any CPU
		{AA5FD47E-8E54-494C-B77E-884DFCB40E02}.Debug|Any CPU.ActiveCfg = Debug|Any CPU
		{AA5FD47E-8E54-494C-B77E-884DFCB40E02}.Debug|Any CPU.Build.0 = Debug|Any CPU
		{AA5FD47E-8E54-494C-B77E-884DFCB40E02}.Release|Any CPU.ActiveCfg = Release|Any CPU
		{AA5FD47E-8E54-494C-B77E-884DFCB40E02}.Release|Any CPU.Build.0 = Release|Any CPU
		{45D7CA88-FB75-4B95-B0EB-FDDF9BF6EA70}.Debug|Any CPU.ActiveCfg = Debug|Any CPU
		{45D7CA88-FB75-4B95-B0EB-FDDF9BF6EA70}.Debug|Any CPU.Build.0 = Debug|Any CPU
		{45D7CA88-FB75-4B95-B0EB-FDDF9BF6EA70}.Release|Any CPU.ActiveCfg = Release|Any CPU
		{45D7CA88-FB75-4B95-B0EB-FDDF9BF6EA70}.Release|Any CPU.Build.0 = Release|Any CPU
		{EC17F47B-8E0E-4F48-AE2C-7A5F317ED575}.Debug|Any CPU.ActiveCfg = Debug|Any CPU
		{EC17F47B-8E0E-4F48-AE2C-7A5F317ED575}.Debug|Any CPU.Build.0 = Debug|Any CPU
		{EC17F47B-8E0E-4F48-AE2C-7A5F317ED575}.Release|Any CPU.ActiveCfg = Release|Any CPU
		{EC17F47B-8E0E-4F48-AE2C-7A5F317ED575}.Release|Any CPU.Build.0 = Release|Any CPU
		{D2521833-D5A0-4153-AB90-7420C5C25A70}.Debug|Any CPU.ActiveCfg = Debug|Any CPU
		{D2521833-D5A0-4153-AB90-7420C5C25A70}.Debug|Any CPU.Build.0 = Debug|Any CPU
		{D2521833-D5A0-4153-AB90-7420C5C25A70}.Release|Any CPU.ActiveCfg = Release|Any CPU
		{D2521833-D5A0-4153-AB90-7420C5C25A70}.Release|Any CPU.Build.0 = Release|Any CPU
	EndGlobalSection
	GlobalSection(SolutionProperties) = preSolution
		HideSolutionNode = FALSE
	EndGlobalSection
	GlobalSection(ExtensibilityGlobals) = postSolution
		SolutionGuid = {1306B1B0-E576-44DE-8DDE-BEF4806BDD3A}
	EndGlobalSection
EndGlobal
